{
  "requires": true,
  "lockfileVersion": 1,
  "dependencies": {
    "anglicize": {
      "version": "1.0.0",
      "resolved": "https://registry.npmjs.org/anglicize/-/anglicize-1.0.0.tgz",
      "integrity": "sha1-VcYlRVfjfyMMr6VKjbgkVmZdBb8="
    },
    "clone": {
      "version": "1.0.4",
      "resolved": "https://registry.npmjs.org/clone/-/clone-1.0.4.tgz",
      "integrity": "sha1-2jCcwmPfFZlMaIypAheco8fNfH4="
    },
    "defaults": {
      "version": "1.0.3",
      "resolved": "https://registry.npmjs.org/defaults/-/defaults-1.0.3.tgz",
      "integrity": "sha1-xlYFHpgX2f8I7YgUd/P+QBnz730=",
      "requires": {
        "clone": "^1.0.2"
      }
    },
    "email-regex": {
      "version": "1.0.0",
      "resolved": "https://registry.npmjs.org/email-regex/-/email-regex-1.0.0.tgz",
      "integrity": "sha1-FsCPH6gxCQcJASdDCmhWJyi9Aps="
    },
    "ent": {
      "version": "2.2.0",
      "resolved": "https://registry.npmjs.org/ent/-/ent-2.2.0.tgz",
      "integrity": "sha1-6WQhkyWiHQX0RGai9obtbOX13R0="
    },
    "escape-string-regexp": {
      "version": "1.0.5",
      "resolved": "https://registry.npmjs.org/escape-string-regexp/-/escape-string-regexp-1.0.5.tgz",
      "integrity": "sha1-G2HAViGQqN/2rjuyzwIAyhMLhtQ="
    },
    "ip-regex": {
      "version": "1.0.3",
      "resolved": "https://registry.npmjs.org/ip-regex/-/ip-regex-1.0.3.tgz",
      "integrity": "sha1-3FiQdvZZ9BnCIgOaMzFvHHOH7/0="
    },
    "phone-regex": {
      "version": "2.1.0",
      "resolved": "https://registry.npmjs.org/phone-regex/-/phone-regex-2.1.0.tgz",
      "integrity": "sha512-9lXTghLpr/jU6Dx9JIacAUt3Hl7qVucW8+Iqwx99dvFSO9imlB2xvY6IyT6Sw554QTtHMnhvPUygGaN5k0pv9Q=="
    },
    "stopword": {
      "version": "0.1.19",
      "resolved": "https://registry.npmjs.org/stopword/-/stopword-0.1.19.tgz",
      "integrity": "sha512-oKkl/LClyJ2YLWm2xZvIiCUGiTsggj+BPOQyt3IKtPUJZj43jYxFJEmXvP1VZQvMuexdodMBshL4sVUSPURmwg=="
    },
    "striptags": {
      "version": "3.1.1",
      "resolved": "https://registry.npmjs.org/striptags/-/striptags-3.1.1.tgz",
      "integrity": "sha1-yMPn/db7S7OjKjt1LltePjgJPr0="
    },
    "tlds": {
      "version": "1.203.1",
      "resolved": "https://registry.npmjs.org/tlds/-/tlds-1.203.1.tgz",
      "integrity": "sha512-7MUlYyGJ6rSitEZ3r1Q1QNV8uSIzapS8SmmhSusBuIc7uIxPPwsKllEP0GRp1NS6Ik6F+fRZvnjDWm3ecv2hDw=="
    },
    "url-regex": {
      "version": "4.1.1",
      "resolved": "https://registry.npmjs.org/url-regex/-/url-regex-4.1.1.tgz",
      "integrity": "sha512-ViSDgDPNKkrQHI81GLCjdDN+Rsk3tAW/uLXlBOJxtcHzWZjta58Z0APXhfXzS89YszsheMnEvXeDXsWUB53wwA==",
      "requires": {
        "ip-regex": "^1.0.1",
        "tlds": "^1.187.0"
      }
    }
  }
}
